// !$*UTF8*$!
{
	archiveVersion = 1;
	classes = {
	};
	objectVersion = 77;
	objects = {

/* Begin PBXBuildFile section */
		4B04FCE82E734FCE0032C428 /* ReminderScreen.swift in Sources */ = {isa = PBXBuildFile; fileRef = 4B04FCE72E734FCE0032C428 /* ReminderScreen.swift */; };
		4B04FCEA2E734FE10032C428 /* NotificationsScreen.swift in Sources */ = {isa = PBXBuildFile; fileRef = 4B04FCE92E734FE10032C428 /* NotificationsScreen.swift */; };
		4B5625B62E6A16380025F8A6 /* Healtho_GymApp.swift in Sources */ = {isa = PBXBuildFile; fileRef = 4B5625B32E6A16380025F8A6 /* Healtho_GymApp.swift */; };
		4B5625C02E6A168C0025F8A6 /* OnboardingScreen.swift in Sources */ = {isa = PBXBuildFile; fileRef = 4B5625BF2E6A168C0025F8A6 /* OnboardingScreen.swift */; };
		4B5625C22E6A16C00025F8A6 /* Launch Screen.storyboard in Resources */ = {isa = PBXBuildFile; fileRef = 4B5625C12E6A16C00025F8A6 /* Launch Screen.storyboard */; };
		4B5625C42E6A17580025F8A6 /* Assets.xcassets in Resources */ = {isa = PBXBuildFile; fileRef = 4B5625C32E6A17580025F8A6 /* Assets.xcassets */; };
		4B5625CA2E6A17CF0025F8A6 /* Poppins-Medium.ttf in Resources */ = {isa = PBXBuildFile; fileRef = 4B5625C72E6A17CF0025F8A6 /* Poppins-Medium.ttf */; };
		4B5625CB2E6A17CF0025F8A6 /* Poppins-Bold.ttf in Resources */ = {isa = PBXBuildFile; fileRef = 4B5625C52E6A17CF0025F8A6 /* Poppins-Bold.ttf */; };
		4B5625CC2E6A17CF0025F8A6 /* Poppins-Regular.ttf in Resources */ = {isa = PBXBuildFile; fileRef = 4B5625C82E6A17CF0025F8A6 /* Poppins-Regular.ttf */; };
		4B5625CD2E6A17CF0025F8A6 /* Poppins-SemiBold.ttf in Resources */ = {isa = PBXBuildFile; fileRef = 4B5625C92E6A17CF0025F8A6 /* Poppins-SemiBold.ttf */; };
		4B5625CE2E6A17CF0025F8A6 /* Poppins-Light.ttf in Resources */ = {isa = PBXBuildFile; fileRef = 4B5625C62E6A17CF0025F8A6 /* Poppins-Light.ttf */; };
		4B5625D12E6A18BC0025F8A6 /* UIExtension.swift in Sources */ = {isa = PBXBuildFile; fileRef = 4B5625D02E6A18BC0025F8A6 /* UIExtension.swift */; };
		4B5625E82E6C7A840025F8A6 /* SignUpScreen.swift in Sources */ = {isa = PBXBuildFile; fileRef = 4B5625E72E6C7A840025F8A6 /* SignUpScreen.swift */; };
		4B5625EA2E6C80B90025F8A6 /* MobileNumberScreen.swift in Sources */ = {isa = PBXBuildFile; fileRef = 4B5625E92E6C80B90025F8A6 /* MobileNumberScreen.swift */; };
		4B5625EE2E6C89200025F8A6 /* OTPScreen.swift in Sources */ = {isa = PBXBuildFile; fileRef = 4B5625ED2E6C89200025F8A6 /* OTPScreen.swift */; };
		4B5625F02E6CBD730025F8A6 /* NameScreen.swift in Sources */ = {isa = PBXBuildFile; fileRef = 4B5625EF2E6CBD730025F8A6 /* NameScreen.swift */; };
		4B5625F42E6DCA080025F8A6 /* GoalScreen.swift in Sources */ = {isa = PBXBuildFile; fileRef = 4B5625F32E6DCA080025F8A6 /* GoalScreen.swift */; };
		4B5625F72E6DD2450025F8A6 /* SettingsScreen.swift in Sources */ = {isa = PBXBuildFile; fileRef = 4B5625F62E6DD2450025F8A6 /* SettingsScreen.swift */; };
		4B5626102E71C44C0025F8A6 /* SettingsRow.swift in Sources */ = {isa = PBXBuildFile; fileRef = 4B56260F2E71C44C0025F8A6 /* SettingsRow.swift */; };
		4B5626122E71C45A0025F8A6 /* ProfileScreen.swift in Sources */ = {isa = PBXBuildFile; fileRef = 4B5626112E71C45A0025F8A6 /* ProfileScreen.swift */; };
		4BBD2E3B2E7F052200E246F6 /* TopTabViewScreen.swift in Sources */ = {isa = PBXBuildFile; fileRef = 4BBD2E3A2E7F052200E246F6 /* TopTabViewScreen.swift */; };
		4BBD2E3E2E7F053B00E246F6 /* HealthTipTabScreen.swift in Sources */ = {isa = PBXBuildFile; fileRef = 4BBD2E3D2E7F053B00E246F6 /* HealthTipTabScreen.swift */; };
/* End PBXBuildFile section */

/* Begin PBXFileReference section */
		4B04FCE72E734FCE0032C428 /* ReminderScreen.swift */ = {isa = PBXFileReference; lastKnownFileType = sourcecode.swift; path = ReminderScreen.swift; sourceTree = "<group>"; };
		4B04FCE92E734FE10032C428 /* NotificationsScreen.swift */ = {isa = PBXFileReference; lastKnownFileType = sourcecode.swift; path = NotificationsScreen.swift; sourceTree = "<group>"; };
		4B5625A22E6A15AF0025F8A6 /* Healtho Gym.app */ = {isa = PBXFileReference; explicitFileType = wrapper.application; includeInIndex = 0; path = "Healtho Gym.app"; sourceTree = BUILT_PRODUCTS_DIR; };
		4B5625B32E6A16380025F8A6 /* Healtho_GymApp.swift */ = {isa = PBXFileReference; lastKnownFileType = sourcecode.swift; path = Healtho_GymApp.swift; sourceTree = "<group>"; };
		4B5625BF2E6A168C0025F8A6 /* OnboardingScreen.swift */ = {isa = PBXFileReference; lastKnownFileType = sourcecode.swift; path = OnboardingScreen.swift; sourceTree = "<group>"; };
		4B5625C12E6A16C00025F8A6 /* Launch Screen.storyboard */ = {isa = PBXFileReference; lastKnownFileType = file.storyboard; path = "Launch Screen.storyboard"; sourceTree = "<group>"; };
		4B5625C32E6A17580025F8A6 /* Assets.xcassets */ = {isa = PBXFileReference; lastKnownFileType = folder.assetcatalog; path = Assets.xcassets; sourceTree = "<group>"; };
		4B5625C52E6A17CF0025F8A6 /* Poppins-Bold.ttf */ = {isa = PBXFileReference; lastKnownFileType = file; path = "Poppins-Bold.ttf"; sourceTree = "<group>"; };
		4B5625C62E6A17CF0025F8A6 /* Poppins-Light.ttf */ = {isa = PBXFileReference; lastKnownFileType = file; path = "Poppins-Light.ttf"; sourceTree = "<group>"; };
		4B5625C72E6A17CF0025F8A6 /* Poppins-Medium.ttf */ = {isa = PBXFileReference; lastKnownFileType = file; path = "Poppins-Medium.ttf"; sourceTree = "<group>"; };
		4B5625C82E6A17CF0025F8A6 /* Poppins-Regular.ttf */ = {isa = PBXFileReference; lastKnownFileType = file; path = "Poppins-Regular.ttf"; sourceTree = "<group>"; };
		4B5625C92E6A17CF0025F8A6 /* Poppins-SemiBold.ttf */ = {isa = PBXFileReference; lastKnownFileType = file; path = "Poppins-SemiBold.ttf"; sourceTree = "<group>"; };
		4B5625CF2E6A18070025F8A6 /* Healtho-Gym-Info.plist */ = {isa = PBXFileReference; lastKnownFileType = text.plist; path = "Healtho-Gym-Info.plist"; sourceTree = SOURCE_ROOT; };
		4B5625D02E6A18BC0025F8A6 /* UIExtension.swift */ = {isa = PBXFileReference; lastKnownFileType = sourcecode.swift; path = UIExtension.swift; sourceTree = "<group>"; };
		4B5625E72E6C7A840025F8A6 /* SignUpScreen.swift */ = {isa = PBXFileReference; lastKnownFileType = sourcecode.swift; path = SignUpScreen.swift; sourceTree = "<group>"; };
		4B5625E92E6C80B90025F8A6 /* MobileNumberScreen.swift */ = {isa = PBXFileReference; lastKnownFileType = sourcecode.swift; path = MobileNumberScreen.swift; sourceTree = "<group>"; };
		4B5625ED2E6C89200025F8A6 /* OTPScreen.swift */ = {isa = PBXFileReference; lastKnownFileType = sourcecode.swift; path = OTPScreen.swift; sourceTree = "<group>"; };
		4B5625EF2E6CBD730025F8A6 /* NameScreen.swift */ = {isa = PBXFileReference; lastKnownFileType = sourcecode.swift; path = NameScreen.swift; sourceTree = "<group>"; };
		4B5625F32E6DCA080025F8A6 /* GoalScreen.swift */ = {isa = PBXFileReference; lastKnownFileType = sourcecode.swift; path = GoalScreen.swift; sourceTree = "<group>"; };
		4B5625F62E6DD2450025F8A6 /* SettingsScreen.swift */ = {isa = PBXFileReference; lastKnownFileType = sourcecode.swift; path = SettingsScreen.swift; sourceTree = "<group>"; };
		4B56260F2E71C44C0025F8A6 /* SettingsRow.swift */ = {isa = PBXFileReference; lastKnownFileType = sourcecode.swift; path = SettingsRow.swift; sourceTree = "<group>"; };
		4B5626112E71C45A0025F8A6 /* ProfileScreen.swift */ = {isa = PBXFileReference; lastKnownFileType = sourcecode.swift; path = ProfileScreen.swift; sourceTree = "<group>"; };
		4BBD2E3A2E7F052200E246F6 /* TopTabViewScreen.swift */ = {isa = PBXFileReference; lastKnownFileType = sourcecode.swift; path = TopTabViewScreen.swift; sourceTree = "<group>"; };
		4BBD2E3D2E7F053B00E246F6 /* HealthTipTabScreen.swift */ = {isa = PBXFileReference; lastKnownFileType = sourcecode.swift; path = HealthTipTabScreen.swift; sourceTree = "<group>"; };
/* End PBXFileReference section */

/* Begin PBXFrameworksBuildPhase section */
		4B56259F2E6A15AF0025F8A6 /* Frameworks */ = {
			isa = PBXFrameworksBuildPhase;
			buildActionMask = 2147483647;
			files = (
			);
			runOnlyForDeploymentPostprocessing = 0;
		};
/* End PBXFrameworksBuildPhase section */

/* Begin PBXGroup section */
		4B04FCE52E734FAA0032C428 /* Reminder */ = {
			isa = PBXGroup;
			children = (
				4B04FCE72E734FCE0032C428 /* ReminderScreen.swift */,
			);
			path = Reminder;
			sourceTree = "<group>";
		};
		4B04FCE62E734FB20032C428 /* Notifications */ = {
			isa = PBXGroup;
			children = (
				4B04FCE92E734FE10032C428 /* NotificationsScreen.swift */,
			);
			path = Notifications;
			sourceTree = "<group>";
		};
		4B5625992E6A15AF0025F8A6 = {
			isa = PBXGroup;
			children = (
				4B5625B42E6A16380025F8A6 /* Healtho Gym */,
				4B5625A32E6A15AF0025F8A6 /* Products */,
			);
			sourceTree = "<group>";
		};
		4B5625A32E6A15AF0025F8A6 /* Products */ = {
			isa = PBXGroup;
			children = (
				4B5625A22E6A15AF0025F8A6 /* Healtho Gym.app */,
			);
			name = Products;
			sourceTree = "<group>";
		};
		4B5625B42E6A16380025F8A6 /* Healtho Gym */ = {
			isa = PBXGroup;
			children = (
				4B5625CF2E6A18070025F8A6 /* Healtho-Gym-Info.plist */,
				4B5625BC2E6A166B0025F8A6 /* Screen */,
				4B5625BB2E6A16620025F8A6 /* Model */,
				4B5625BA2E6A165B0025F8A6 /* ViewModel */,
				4B5625B92E6A16530025F8A6 /* UICommon */,
				4B5625B82E6A164D0025F8A6 /* Common */,
				4B5625B72E6A163D0025F8A6 /* Fonts */,
				4B5625C32E6A17580025F8A6 /* Assets.xcassets */,
				4B5625B32E6A16380025F8A6 /* Healtho_GymApp.swift */,
				4B5625C12E6A16C00025F8A6 /* Launch Screen.storyboard */,
			);
			path = "Healtho Gym";
			sourceTree = "<group>";
		};
		4B5625B72E6A163D0025F8A6 /* Fonts */ = {
			isa = PBXGroup;
			children = (
				4B5625C52E6A17CF0025F8A6 /* Poppins-Bold.ttf */,
				4B5625C62E6A17CF0025F8A6 /* Poppins-Light.ttf */,
				4B5625C72E6A17CF0025F8A6 /* Poppins-Medium.ttf */,
				4B5625C82E6A17CF0025F8A6 /* Poppins-Regular.ttf */,
				4B5625C92E6A17CF0025F8A6 /* Poppins-SemiBold.ttf */,
			);
			path = Fonts;
			sourceTree = "<group>";
		};
		4B5625B82E6A164D0025F8A6 /* Common */ = {
			isa = PBXGroup;
			children = (
			);
			path = Common;
			sourceTree = "<group>";
		};
		4B5625B92E6A16530025F8A6 /* UICommon */ = {
			isa = PBXGroup;
			children = (
				4B5625D02E6A18BC0025F8A6 /* UIExtension.swift */,
			);
			path = UICommon;
			sourceTree = "<group>";
		};
		4B5625BA2E6A165B0025F8A6 /* ViewModel */ = {
			isa = PBXGroup;
			children = (
			);
			path = ViewModel;
			sourceTree = "<group>";
		};
		4B5625BB2E6A16620025F8A6 /* Model */ = {
			isa = PBXGroup;
			children = (
			);
			path = Model;
			sourceTree = "<group>";
		};
		4B5625BC2E6A166B0025F8A6 /* Screen */ = {
			isa = PBXGroup;
			children = (
				4B5625BE2E6A16770025F8A6 /* Login */,
				4B5625BD2E6A16710025F8A6 /* Home */,
			);
			path = Screen;
			sourceTree = "<group>";
		};
		4B5625BD2E6A16710025F8A6 /* Home */ = {
			isa = PBXGroup;
			children = (
				4BBD2E392E7F050800E246F6 /* TopTabView */,
				4B04FCE62E734FB20032C428 /* Notifications */,
				4B04FCE52E734FAA0032C428 /* Reminder */,
				4B5625F52E6DD2300025F8A6 /* Settings */,
			);
			path = Home;
			sourceTree = "<group>";
		};
		4B5625BE2E6A16770025F8A6 /* Login */ = {
			isa = PBXGroup;
			children = (
				4B5625BF2E6A168C0025F8A6 /* OnboardingScreen.swift */,
				4B5625E72E6C7A840025F8A6 /* SignUpScreen.swift */,
				4B5625E92E6C80B90025F8A6 /* MobileNumberScreen.swift */,
				4B5625ED2E6C89200025F8A6 /* OTPScreen.swift */,
				4B5625EF2E6CBD730025F8A6 /* NameScreen.swift */,
				4B5625F32E6DCA080025F8A6 /* GoalScreen.swift */,
			);
			path = Login;
			sourceTree = "<group>";
		};
		4B5625F52E6DD2300025F8A6 /* Settings */ = {
			isa = PBXGroup;
			children = (
				4B5625F62E6DD2450025F8A6 /* SettingsScreen.swift */,
				4B56260F2E71C44C0025F8A6 /* SettingsRow.swift */,
				4B5626112E71C45A0025F8A6 /* ProfileScreen.swift */,
			);
			path = Settings;
			sourceTree = "<group>";
		};
		4BBD2E392E7F050800E246F6 /* TopTabView */ = {
			isa = PBXGroup;
			children = (
				4BBD2E3C2E7F052700E246F6 /* HealthTip */,
				4BBD2E3A2E7F052200E246F6 /* TopTabViewScreen.swift */,
			);
			path = TopTabView;
			sourceTree = "<group>";
		};
		4BBD2E3C2E7F052700E246F6 /* HealthTip */ = {
			isa = PBXGroup;
			children = (
				4BBD2E3D2E7F053B00E246F6 /* HealthTipTabScreen.swift */,
			);
			path = HealthTip;
			sourceTree = "<group>";
		};
/* End PBXGroup section */

/* Begin PBXNativeTarget section */
		4B5625A12E6A15AF0025F8A6 /* Healtho Gym */ = {
			isa = PBXNativeTarget;
			buildConfigurationList = 4B5625AD2E6A15B00025F8A6 /* Build configuration list for PBXNativeTarget "Healtho Gym" */;
			buildPhases = (
				4B56259E2E6A15AF0025F8A6 /* Sources */,
				4B56259F2E6A15AF0025F8A6 /* Frameworks */,
				4B5625A02E6A15AF0025F8A6 /* Resources */,
			);
			buildRules = (
			);
			dependencies = (
			);
			name = "Healtho Gym";
			packageProductDependencies = (
			);
			productName = "Healtho Gym";
			productReference = 4B5625A22E6A15AF0025F8A6 /* Healtho Gym.app */;
			productType = "com.apple.product-type.application";
		};
/* End PBXNativeTarget section */

/* Begin PBXProject section */
		4B56259A2E6A15AF0025F8A6 /* Project object */ = {
			isa = PBXProject;
			attributes = {
				BuildIndependentTargetsInParallel = 1;
				LastSwiftUpdateCheck = 1640;
				LastUpgradeCheck = 1640;
				TargetAttributes = {
					4B5625A12E6A15AF0025F8A6 = {
						CreatedOnToolsVersion = 16.4;
					};
				};
			};
			buildConfigurationList = 4B56259D2E6A15AF0025F8A6 /* Build configuration list for PBXProject "Healtho Gym" */;
			developmentRegion = en;
			hasScannedForEncodings = 0;
			knownRegions = (
				en,
				Base,
			);
			mainGroup = 4B5625992E6A15AF0025F8A6;
			minimizedProjectReferenceProxies = 1;
			preferredProjectObjectVersion = 77;
			productRefGroup = 4B5625A32E6A15AF0025F8A6 /* Products */;
			projectDirPath = "";
			projectRoot = "";
			targets = (
				4B5625A12E6A15AF0025F8A6 /* Healtho Gym */,
			);
		};
/* End PBXProject section */

/* Begin PBXResourcesBuildPhase section */
		4B5625A02E6A15AF0025F8A6 /* Resources */ = {
			isa = PBXResourcesBuildPhase;
			buildActionMask = 2147483647;
			files = (
				4B5625C22E6A16C00025F8A6 /* Launch Screen.storyboard in Resources */,
				4B5625CA2E6A17CF0025F8A6 /* Poppins-Medium.ttf in Resources */,
				4B5625CB2E6A17CF0025F8A6 /* Poppins-Bold.ttf in Resources */,
				4B5625CC2E6A17CF0025F8A6 /* Poppins-Regular.ttf in Resources */,
				4B5625CD2E6A17CF0025F8A6 /* Poppins-SemiBold.ttf in Resources */,
				4B5625CE2E6A17CF0025F8A6 /* Poppins-Light.ttf in Resources */,
				4B5625C42E6A17580025F8A6 /* Assets.xcassets in Resources */,
			);
			runOnlyForDeploymentPostprocessing = 0;
		};
/* End PBXResourcesBuildPhase section */

/* Begin PBXSourcesBuildPhase section */
		4B56259E2E6A15AF0025F8A6 /* Sources */ = {
			isa = PBXSourcesBuildPhase;
			buildActionMask = 2147483647;
			files = (
				4B5625F02E6CBD730025F8A6 /* NameScreen.swift in Sources */,
				4B04FCEA2E734FE10032C428 /* NotificationsScreen.swift in Sources */,
				4BBD2E3B2E7F052200E246F6 /* TopTabViewScreen.swift in Sources */,
				4B5625F72E6DD2450025F8A6 /* SettingsScreen.swift in Sources */,
				4B5625C02E6A168C0025F8A6 /* OnboardingScreen.swift in Sources */,
				4B5625D12E6A18BC0025F8A6 /* UIExtension.swift in Sources */,
				4B5626122E71C45A0025F8A6 /* ProfileScreen.swift in Sources */,
				4B5625EA2E6C80B90025F8A6 /* MobileNumberScreen.swift in Sources */,
				4B5625B62E6A16380025F8A6 /* Healtho_GymApp.swift in Sources */,
				4B5625E82E6C7A840025F8A6 /* SignUpScreen.swift in Sources */,
				4B5626102E71C44C0025F8A6 /* SettingsRow.swift in Sources */,
				4B04FCE82E734FCE0032C428 /* ReminderScreen.swift in Sources */,
				4B5625F42E6DCA080025F8A6 /* GoalScreen.swift in Sources */,
				4B5625EE2E6C89200025F8A6 /* OTPScreen.swift in Sources */,
				4BBD2E3E2E7F053B00E246F6 /* HealthTipTabScreen.swift in Sources */,
			);
			runOnlyForDeploymentPostprocessing = 0;
		};
/* End PBXSourcesBuildPhase section */

/* Begin XCBuildConfiguration section */
		4B5625AB2E6A15B00025F8A6 /* Debug */ = {
			isa = XCBuildConfiguration;
			buildSettings = {
				ALWAYS_SEARCH_USER_PATHS = NO;
				ASSETCATALOG_COMPILER_GENERATE_SWIFT_ASSET_SYMBOL_EXTENSIONS = YES;
				CLANG_ANALYZER_NONNULL = YES;
				CLANG_ANALYZER_NUMBER_OBJECT_CONVERSION = YES_AGGRESSIVE;
				CLANG_CXX_LANGUAGE_STANDARD = "gnu++20";
				CLANG_ENABLE_MODULES = YES;
				CLANG_ENABLE_OBJC_ARC = YES;
				CLANG_ENABLE_OBJC_WEAK = YES;
				CLANG_WARN_BLOCK_CAPTURE_AUTORELEASING = YES;
				CLANG_WARN_BOOL_CONVERSION = YES;
				CLANG_WARN_COMMA = YES;
				CLANG_WARN_CONSTANT_CONVERSION = YES;
				CLANG_WARN_DEPRECATED_OBJC_IMPLEMENTATIONS = YES;
				CLANG_WARN_DIRECT_OBJC_ISA_USAGE = YES_ERROR;
				CLANG_WARN_DOCUMENTATION_COMMENTS = YES;
				CLANG_WARN_EMPTY_BODY = YES;
				CLANG_WARN_ENUM_CONVERSION = YES;
				CLANG_WARN_INFINITE_RECURSION = YES;
				CLANG_WARN_INT_CONVERSION = YES;
				CLANG_WARN_NON_LITERAL_NULL_CONVERSION = YES;
				CLANG_WARN_OBJC_IMPLICIT_RETAIN_SELF = YES;
				CLANG_WARN_OBJC_LITERAL_CONVERSION = YES;
				CLANG_WARN_OBJC_ROOT_CLASS = YES_ERROR;
				CLANG_WARN_QUOTED_INCLUDE_IN_FRAMEWORK_HEADER = YES;
				CLANG_WARN_RANGE_LOOP_ANALYSIS = YES;
				CLANG_WARN_STRICT_PROTOTYPES = YES;
				CLANG_WARN_SUSPICIOUS_MOVE = YES;
				CLANG_WARN_UNGUARDED_AVAILABILITY = YES_AGGRESSIVE;
				CLANG_WARN_UNREACHABLE_CODE = YES;
				CLANG_WARN__DUPLICATE_METHOD_MATCH = YES;
				COPY_PHASE_STRIP = NO;
				DEBUG_INFORMATION_FORMAT = dwarf;
				DEVELOPMENT_TEAM = QT3T249ZHN;
				ENABLE_STRICT_OBJC_MSGSEND = YES;
				ENABLE_TESTABILITY = YES;
				ENABLE_USER_SCRIPT_SANDBOXING = YES;
				GCC_C_LANGUAGE_STANDARD = gnu17;
				GCC_DYNAMIC_NO_PIC = NO;
				GCC_NO_COMMON_BLOCKS = YES;
				GCC_OPTIMIZATION_LEVEL = 0;
				GCC_PREPROCESSOR_DEFINITIONS = (
					"DEBUG=1",
					"$(inherited)",
				);
				GCC_WARN_64_TO_32_BIT_CONVERSION = YES;
				GCC_WARN_ABOUT_RETURN_TYPE = YES_ERROR;
				GCC_WARN_UNDECLARED_SELECTOR = YES;
				GCC_WARN_UNINITIALIZED_AUTOS = YES_AGGRESSIVE;
				GCC_WARN_UNUSED_FUNCTION = YES;
				GCC_WARN_UNUSED_VARIABLE = YES;
				IPHONEOS_DEPLOYMENT_TARGET = 18.5;
				LOCALIZATION_PREFERS_STRING_CATALOGS = YES;
				MTL_ENABLE_DEBUG_INFO = INCLUDE_SOURCE;
				MTL_FAST_MATH = YES;
				ONLY_ACTIVE_ARCH = YES;
				SDKROOT = iphoneos;
				SWIFT_ACTIVE_COMPILATION_CONDITIONS = "DEBUG $(inherited)";
				SWIFT_OPTIMIZATION_LEVEL = "-Onone";
			};
			name = Debug;
		};
		4B5625AC2E6A15B00025F8A6 /* Release */ = {
			isa = XCBuildConfiguration;
			buildSettings = {
				ALWAYS_SEARCH_USER_PATHS = NO;
				ASSETCATALOG_COMPILER_GENERATE_SWIFT_ASSET_SYMBOL_EXTENSIONS = YES;
				CLANG_ANALYZER_NONNULL = YES;
				CLANG_ANALYZER_NUMBER_OBJECT_CONVERSION = YES_AGGRESSIVE;
				CLANG_CXX_LANGUAGE_STANDARD = "gnu++20";
				CLANG_ENABLE_MODULES = YES;
				CLANG_ENABLE_OBJC_ARC = YES;
				CLANG_ENABLE_OBJC_WEAK = YES;
				CLANG_WARN_BLOCK_CAPTURE_AUTORELEASING = YES;
				CLANG_WARN_BOOL_CONVERSION = YES;
				CLANG_WARN_COMMA = YES;
				CLANG_WARN_CONSTANT_CONVERSION = YES;
				CLANG_WARN_DEPRECATED_OBJC_IMPLEMENTATIONS = YES;
				CLANG_WARN_DIRECT_OBJC_ISA_USAGE = YES_ERROR;
				CLANG_WARN_DOCUMENTATION_COMMENTS = YES;
				CLANG_WARN_EMPTY_BODY = YES;
				CLANG_WARN_ENUM_CONVERSION = YES;
				CLANG_WARN_INFINITE_RECURSION = YES;
				CLANG_WARN_INT_CONVERSION = YES;
				CLANG_WARN_NON_LITERAL_NULL_CONVERSION = YES;
				CLANG_WARN_OBJC_IMPLICIT_RETAIN_SELF = YES;
				CLANG_WARN_OBJC_LITERAL_CONVERSION = YES;
				CLANG_WARN_OBJC_ROOT_CLASS = YES_ERROR;
				CLANG_WARN_QUOTED_INCLUDE_IN_FRAMEWORK_HEADER = YES;
				CLANG_WARN_RANGE_LOOP_ANALYSIS = YES;
				CLANG_WARN_STRICT_PROTOTYPES = YES;
				CLANG_WARN_SUSPICIOUS_MOVE = YES;
				CLANG_WARN_UNGUARDED_AVAILABILITY = YES_AGGRESSIVE;
				CLANG_WARN_UNREACHABLE_CODE = YES;
				CLANG_WARN__DUPLICATE_METHOD_MATCH = YES;
				COPY_PHASE_STRIP = NO;
				DEBUG_INFORMATION_FORMAT = "dwarf-with-dsym";
				DEVELOPMENT_TEAM = QT3T249ZHN;
				ENABLE_NS_ASSERTIONS = NO;
				ENABLE_STRICT_OBJC_MSGSEND = YES;
				ENABLE_USER_SCRIPT_SANDBOXING = YES;
				GCC_C_LANGUAGE_STANDARD = gnu17;
				GCC_NO_COMMON_BLOCKS = YES;
				GCC_WARN_64_TO_32_BIT_CONVERSION = YES;
				GCC_WARN_ABOUT_RETURN_TYPE = YES_ERROR;
				GCC_WARN_UNDECLARED_SELECTOR = YES;
				GCC_WARN_UNINITIALIZED_AUTOS = YES_AGGRESSIVE;
				GCC_WARN_UNUSED_FUNCTION = YES;
				GCC_WARN_UNUSED_VARIABLE = YES;
				IPHONEOS_DEPLOYMENT_TARGET = 18.5;
				LOCALIZATION_PREFERS_STRING_CATALOGS = YES;
				MTL_ENABLE_DEBUG_INFO = NO;
				MTL_FAST_MATH = YES;
				SDKROOT = iphoneos;
				SWIFT_COMPILATION_MODE = wholemodule;
				VALIDATE_PRODUCT = YES;
			};
			name = Release;
		};
		4B5625AE2E6A15B00025F8A6 /* Debug */ = {
			isa = XCBuildConfiguration;
			buildSettings = {
				ASSETCATALOG_COMPILER_APPICON_NAME = AppIcon;
				ASSETCATALOG_COMPILER_GLOBAL_ACCENT_COLOR_NAME = AccentColor;
				CODE_SIGN_STYLE = Automatic;
				CURRENT_PROJECT_VERSION = 1;
				DEVELOPMENT_TEAM = QT3T249ZHN;
				ENABLE_PREVIEWS = YES;
				GENERATE_INFOPLIST_FILE = YES;
				INFOPLIST_FILE = "Healtho-Gym-Info.plist";
				INFOPLIST_KEY_UIApplicationSceneManifest_Generation = YES;
				INFOPLIST_KEY_UIApplicationSupportsIndirectInputEvents = YES;
				INFOPLIST_KEY_UILaunchScreen_Generation = YES;
				INFOPLIST_KEY_UISupportedInterfaceOrientations = UIInterfaceOrientationPortrait;
				IPHONEOS_DEPLOYMENT_TARGET = 15.6;
				LD_RUNPATH_SEARCH_PATHS = (
					"$(inherited)",
					"@executable_path/Frameworks",
				);
				MARKETING_VERSION = 1.0;
				PRODUCT_BUNDLE_IDENTIFIER = "volossoftwarellc.Healtho-Gym";
				PRODUCT_NAME = "$(TARGET_NAME)";
				SWIFT_EMIT_LOC_STRINGS = YES;
				SWIFT_VERSION = 5.0;
				TARGETED_DEVICE_FAMILY = "1,2";
			};
			name = Debug;
		};
		4B5625AF2E6A15B00025F8A6 /* Release */ = {
			isa = XCBuildConfiguration;
			buildSettings = {
				ASSETCATALOG_COMPILER_APPICON_NAME = AppIcon;
				ASSETCATALOG_COMPILER_GLOBAL_ACCENT_COLOR_NAME = AccentColor;
				CODE_SIGN_STYLE = Automatic;
				CURRENT_PROJECT_VERSION = 1;
				DEVELOPMENT_TEAM = QT3T249ZHN;
				ENABLE_PREVIEWS = YES;
				GENERATE_INFOPLIST_FILE = YES;
				INFOPLIST_FILE = "Healtho-Gym-Info.plist";
				INFOPLIST_KEY_UIApplicationSceneManifest_Generation = YES;
				INFOPLIST_KEY_UIApplicationSupportsIndirectInputEvents = YES;
				INFOPLIST_KEY_UILaunchScreen_Generation = YES;
				INFOPLIST_KEY_UISupportedInterfaceOrientations = UIInterfaceOrientationPortrait;
				IPHONEOS_DEPLOYMENT_TARGET = 15.6;
				LD_RUNPATH_SEARCH_PATHS = (
					"$(inherited)",
					"@executable_path/Frameworks",
				);
				MARKETING_VERSION = 1.0;
				PRODUCT_BUNDLE_IDENTIFIER = "volossoftwarellc.Healtho-Gym";
				PRODUCT_NAME = "$(TARGET_NAME)";
				SWIFT_EMIT_LOC_STRINGS = YES;
				SWIFT_VERSION = 5.0;
				TARGETED_DEVICE_FAMILY = "1,2";
			};
			name = Release;
		};
/* End XCBuildConfiguration section */

/* Begin XCConfigurationList section */
		4B56259D2E6A15AF0025F8A6 /* Build configuration list for PBXProject "Healtho Gym" */ = {
			isa = XCConfigurationList;
			buildConfigurations = (
				4B5625AB2E6A15B00025F8A6 /* Debug */,
				4B5625AC2E6A15B00025F8A6 /* Release */,
			);
			defaultConfigurationIsVisible = 0;
			defaultConfigurationName = Release;
		};
		4B5625AD2E6A15B00025F8A6 /* Build configuration list for PBXNativeTarget "Healtho Gym" */ = {
			isa = XCConfigurationList;
			buildConfigurations = (
				4B5625AE2E6A15B00025F8A6 /* Debug */,
				4B5625AF2E6A15B00025F8A6 /* Release */,
			);
			defaultConfigurationIsVisible = 0;
			defaultConfigurationName = Release;
		};
/* End XCConfigurationList section */
	};
	rootObject = 4B56259A2E6A15AF0025F8A6 /* Project object */;
}
